
Microsoft Visual Studio Solution File, Format Version 12.00
# Visual Studio Version 16
VisualStudioVersion = 16.0.30517.126
MinimumVisualStudioVersion = 10.0.40219.1
Project("{FAE04EC0-301F-11D3-BF4B-00C04F79EFBC}") = "MappingFix", "MappingFix\MappingFix.csproj", "{FDB679FC-303B-4ADA-AFEB-B9C40694D99B}"
EndProject
Global
	GlobalSection(SolutionConfigurationPlatforms) = preSolution
		Debug|Any CPU = Debug|Any CPU
		Release|Any CPU = Release|Any CPU
	EndGlobalSection
	GlobalSection(ProjectConfigurationPlatforms) = postSolution
		{FDB679FC-303B-4ADA-AFEB-B9C40694D99B}.Debug|Any CPU.ActiveCfg = Debug|Any CPU
		{FDB679FC-303B-4ADA-AFEB-B9C40694D99B}.Debug|Any CPU.Build.0 = Debug|Any CPU
		{FDB679FC-303B-4ADA-AFEB-B9C40694D99B}.Release|Any CPU.ActiveCfg = Release|Any CPU
		{FDB679FC-303B-4ADA-AFEB-B9C40694D99B}.Release|Any CPU.Build.0 = Release|Any CPU
	EndGlobalSection
	GlobalSection(SolutionProperties) = preSolution
		HideSolutionNode = FALSE
	EndGlobalSection
	GlobalSection(ExtensibilityGlobals) = postSolution
		SolutionGuid = {9520CDCB-4624-43AF-924E-E6149FDB6DD0}
	EndGlobalSection
EndGlobal
